
Microsoft Visual Studio Solution File, Format Version 12.00
# Visual Studio 14
VisualStudioVersion = 14.0.25420.1
MinimumVisualStudioVersion = 10.0.40219.1
Project("{FAE04EC0-301F-11D3-BF4B-00C04F79EFBC}") = "SLYX.EasyuiMvc", "SLYX.EasyuiMvc\SLYX.EasyuiMvc.csproj", "{F5339FB7-F915-44FA-85CE-623D4E61CED6}"
EndProject
Project("{FAE04EC0-301F-11D3-BF4B-00C04F79EFBC}") = "SLYX.Common", "SLYX.Common\SLYX.Common.csproj", "{922FCEB4-0DE2-46C4-975C-E82285016870}"
EndProject
Project("{FAE04EC0-301F-11D3-BF4B-00C04F79EFBC}") = "SLYX.IDAL", "SLYX.IDAL\SLYX.IDAL.csproj", "{C8693C5D-3C5B-4618-891A-3CAA9DF2736D}"
EndProject
Project("{FAE04EC0-301F-11D3-BF4B-00C04F79EFBC}") = "SLYX.DAL", "SLYX.DAL\SLYX.DAL.csproj", "{44751587-A6D3-4AC8-B14A-55CF04EC47CE}"
EndProject
Project("{FAE04EC0-301F-11D3-BF4B-00C04F79EFBC}") = "SLYX.IBLL", "SLYX.IBLL\SLYX.IBLL.csproj", "{7F480FAB-6E80-495C-8279-3A55E9488A49}"
EndProject
Project("{FAE04EC0-301F-11D3-BF4B-00C04F79EFBC}") = "SLYX.BLL", "SLYX.BLL\SLYX.BLL.csproj", "{EAD4127A-3324-49DD-B952-73DAA1843C3D}"
EndProject
Project("{FAE04EC0-301F-11D3-BF4B-00C04F79EFBC}") = "SLYX.Model", "SLYX.Model\SLYX.Model.csproj", "{BAFA3437-FFFD-4CD7-812E-A2E06077A45A}"
EndProject
Project("{2150E333-8FDC-42A3-9474-1A3956D46DE8}") = "SLYX.UI", "SLYX.UI", "{4C0EAF0B-F727-4806-BB35-7E6D16408893}"
EndProject
Project("{2150E333-8FDC-42A3-9474-1A3956D46DE8}") = "SLYX.BLL", "SLYX.BLL", "{50F0C06B-F265-4543-B86C-DE4F0CC55C60}"
EndProject
Project("{2150E333-8FDC-42A3-9474-1A3956D46DE8}") = "SLYX.DAL", "SLYX.DAL", "{1CD93A24-8DA6-48A6-9613-D9C9ABDB2421}"
EndProject
Project("{2150E333-8FDC-42A3-9474-1A3956D46DE8}") = "SLYX.Entity", "SLYX.Entity", "{22E335E8-D38F-4886-B99C-2F5DF1F3D91C}"
EndProject
Project("{2150E333-8FDC-42A3-9474-1A3956D46DE8}") = "SLYX.Tools", "SLYX.Tools", "{439BC77E-2FF1-42EA-8D4C-620144DF1C45}"
EndProject
Global
	GlobalSection(SolutionConfigurationPlatforms) = preSolution
		Debug|Any CPU = Debug|Any CPU
		Release|Any CPU = Release|Any CPU
	EndGlobalSection
	GlobalSection(ProjectConfigurationPlatforms) = postSolution
		{F5339FB7-F915-44FA-85CE-623D4E61CED6}.Debug|Any CPU.ActiveCfg = Debug|Any CPU
		{F5339FB7-F915-44FA-85CE-623D4E61CED6}.Debug|Any CPU.Build.0 = Debug|Any CPU
		{F5339FB7-F915-44FA-85CE-623D4E61CED6}.Release|Any CPU.ActiveCfg = Release|Any CPU
		{F5339FB7-F915-44FA-85CE-623D4E61CED6}.Release|Any CPU.Build.0 = Release|Any CPU
		{922FCEB4-0DE2-46C4-975C-E82285016870}.Debug|Any CPU.ActiveCfg = Debug|Any CPU
		{922FCEB4-0DE2-46C4-975C-E82285016870}.Debug|Any CPU.Build.0 = Debug|Any CPU
		{922FCEB4-0DE2-46C4-975C-E82285016870}.Release|Any CPU.ActiveCfg = Release|Any CPU
		{922FCEB4-0DE2-46C4-975C-E82285016870}.Release|Any CPU.Build.0 = Release|Any CPU
		{C8693C5D-3C5B-4618-891A-3CAA9DF2736D}.Debug|Any CPU.ActiveCfg = Debug|Any CPU
		{C8693C5D-3C5B-4618-891A-3CAA9DF2736D}.Debug|Any CPU.Build.0 = Debug|Any CPU
		{C8693C5D-3C5B-4618-891A-3CAA9DF2736D}.Release|Any CPU.ActiveCfg = Release|Any CPU
		{C8693C5D-3C5B-4618-891A-3CAA9DF2736D}.Release|Any CPU.Build.0 = Release|Any CPU
		{44751587-A6D3-4AC8-B14A-55CF04EC47CE}.Debug|Any CPU.ActiveCfg = Debug|Any CPU
		{44751587-A6D3-4AC8-B14A-55CF04EC47CE}.Debug|Any CPU.Build.0 = Debug|Any CPU
		{44751587-A6D3-4AC8-B14A-55CF04EC47CE}.Release|Any CPU.ActiveCfg = Release|Any CPU
		{44751587-A6D3-4AC8-B14A-55CF04EC47CE}.Release|Any CPU.Build.0 = Release|Any CPU
		{7F480FAB-6E80-495C-8279-3A55E9488A49}.Debug|Any CPU.ActiveCfg = Debug|Any CPU
		{7F480FAB-6E80-495C-8279-3A55E9488A49}.Debug|Any CPU.Build.0 = Debug|Any CPU
		{7F480FAB-6E80-495C-8279-3A55E9488A49}.Release|Any CPU.ActiveCfg = Release|Any CPU
		{7F480FAB-6E80-495C-8279-3A55E9488A49}.Release|Any CPU.Build.0 = Release|Any CPU
		{EAD4127A-3324-49DD-B952-73DAA1843C3D}.Debug|Any CPU.ActiveCfg = Debug|Any CPU
		{EAD4127A-3324-49DD-B952-73DAA1843C3D}.Debug|Any CPU.Build.0 = Debug|Any CPU
		{EAD4127A-3324-49DD-B952-73DAA1843C3D}.Release|Any CPU.ActiveCfg = Release|Any CPU
		{EAD4127A-3324-49DD-B952-73DAA1843C3D}.Release|Any CPU.Build.0 = Release|Any CPU
		{BAFA3437-FFFD-4CD7-812E-A2E06077A45A}.Debug|Any CPU.ActiveCfg = Debug|Any CPU
		{BAFA3437-FFFD-4CD7-812E-A2E06077A45A}.Debug|Any CPU.Build.0 = Debug|Any CPU
		{BAFA3437-FFFD-4CD7-812E-A2E06077A45A}.Release|Any CPU.ActiveCfg = Release|Any CPU
		{BAFA3437-FFFD-4CD7-812E-A2E06077A45A}.Release|Any CPU.Build.0 = Release|Any CPU
	EndGlobalSection
	GlobalSection(SolutionProperties) = preSolution
		HideSolutionNode = FALSE
	EndGlobalSection
	GlobalSection(NestedProjects) = preSolution
		{F5339FB7-F915-44FA-85CE-623D4E61CED6} = {4C0EAF0B-F727-4806-BB35-7E6D16408893}
		{922FCEB4-0DE2-46C4-975C-E82285016870} = {439BC77E-2FF1-42EA-8D4C-620144DF1C45}
		{C8693C5D-3C5B-4618-891A-3CAA9DF2736D} = {1CD93A24-8DA6-48A6-9613-D9C9ABDB2421}
		{44751587-A6D3-4AC8-B14A-55CF04EC47CE} = {1CD93A24-8DA6-48A6-9613-D9C9ABDB2421}
		{7F480FAB-6E80-495C-8279-3A55E9488A49} = {50F0C06B-F265-4543-B86C-DE4F0CC55C60}
		{EAD4127A-3324-49DD-B952-73DAA1843C3D} = {50F0C06B-F265-4543-B86C-DE4F0CC55C60}
		{BAFA3437-FFFD-4CD7-812E-A2E06077A45A} = {22E335E8-D38F-4886-B99C-2F5DF1F3D91C}
	EndGlobalSection
EndGlobal
